// !$*UTF8*$!
{
	archiveVersion = 1;
	classes = {
	};
	objectVersion = 56;
	objects = {

/* Begin PBXBuildFile section */
		9AD5A9FC2B2AEB8F00C47448 /* EarthquakesApp.swift in Sources */ = {isa = PBXBuildFile; fileRef = 9AD5A9FB2B2AEB8F00C47448 /* EarthquakesApp.swift */; };
		9AD5A9FE2B2AEB8F00C47448 /* ContentView.swift in Sources */ = {isa = PBXBuildFile; fileRef = 9AD5A9FD2B2AEB8F00C47448 /* ContentView.swift */; };
		9AD5AA002B2AEB9100C47448 /* Assets.xcassets in Resources */ = {isa = PBXBuildFile; fileRef = 9AD5A9FF2B2AEB9100C47448 /* Assets.xcassets */; };
		9AD5AA032B2AEB9100C47448 /* Preview Assets.xcassets in Resources */ = {isa = PBXBuildFile; fileRef = 9AD5AA022B2AEB9100C47448 /* Preview Assets.xcassets */; };
		9AD5AA0A2B2AEDEC00C47448 /* Quake.swift in Sources */ = {isa = PBXBuildFile; fileRef = 9AD5AA092B2AEDEC00C47448 /* Quake.swift */; };
		9AD5AA0C2B2AEF5B00C47448 /* QuakeError.swift in Sources */ = {isa = PBXBuildFile; fileRef = 9AD5AA0B2B2AEF5B00C47448 /* QuakeError.swift */; };
		9AD5AA142B2AF13100C47448 /* EarthquakesTests.swift in Sources */ = {isa = PBXBuildFile; fileRef = 9AD5AA132B2AF13100C47448 /* EarthquakesTests.swift */; };
		9AD5AA1B2B2AF16000C47448 /* TestData.swift in Sources */ = {isa = PBXBuildFile; fileRef = 9AD5AA1A2B2AF16000C47448 /* TestData.swift */; };
		9AD5AA1E2B2AF55C00C47448 /* GeoJSON.swift in Sources */ = {isa = PBXBuildFile; fileRef = 9AD5AA1D2B2AF55C00C47448 /* GeoJSON.swift */; };
		9AD5AA202B2AF66A00C47448 /* SampleData.json in Resources */ = {isa = PBXBuildFile; fileRef = 9AD5AA1F2B2AF66A00C47448 /* SampleData.json */; };
		9AD5AA222B2AF79500C47448 /* QuakeLocation.swift in Sources */ = {isa = PBXBuildFile; fileRef = 9AD5AA212B2AF79500C47448 /* QuakeLocation.swift */; };
		9AD5AA242B2AFC3600C47448 /* HTTPDataDownloader.swift in Sources */ = {isa = PBXBuildFile; fileRef = 9AD5AA232B2AFC3600C47448 /* HTTPDataDownloader.swift */; };
		9AD5AA262B2AFC9C00C47448 /* QuakeClient.swift in Sources */ = {isa = PBXBuildFile; fileRef = 9AD5AA252B2AFC9C00C47448 /* QuakeClient.swift */; };
/* End PBXBuildFile section */

/* Begin PBXContainerItemProxy section */
		9AD5AA152B2AF13100C47448 /* PBXContainerItemProxy */ = {
			isa = PBXContainerItemProxy;
			containerPortal = 9AD5A9F02B2AEB8F00C47448 /* Project object */;
			proxyType = 1;
			remoteGlobalIDString = 9AD5A9F72B2AEB8F00C47448;
			remoteInfo = Earthquakes;
		};
/* End PBXContainerItemProxy section */

/* Begin PBXFileReference section */
		9AD5A9F82B2AEB8F00C47448 /* Earthquakes.app */ = {isa = PBXFileReference; explicitFileType = wrapper.application; includeInIndex = 0; path = Earthquakes.app; sourceTree = BUILT_PRODUCTS_DIR; };
		9AD5A9FB2B2AEB8F00C47448 /* EarthquakesApp.swift */ = {isa = PBXFileReference; lastKnownFileType = sourcecode.swift; path = EarthquakesApp.swift; sourceTree = "<group>"; };
		9AD5A9FD2B2AEB8F00C47448 /* ContentView.swift */ = {isa = PBXFileReference; lastKnownFileType = sourcecode.swift; path = ContentView.swift; sourceTree = "<group>"; };
		9AD5A9FF2B2AEB9100C47448 /* Assets.xcassets */ = {isa = PBXFileReference; lastKnownFileType = folder.assetcatalog; path = Assets.xcassets; sourceTree = "<group>"; };
		9AD5AA022B2AEB9100C47448 /* Preview Assets.xcassets */ = {isa = PBXFileReference; lastKnownFileType = folder.assetcatalog; path = "Preview Assets.xcassets"; sourceTree = "<group>"; };
		9AD5AA092B2AEDEC00C47448 /* Quake.swift */ = {isa = PBXFileReference; lastKnownFileType = sourcecode.swift; path = Quake.swift; sourceTree = "<group>"; };
		9AD5AA0B2B2AEF5B00C47448 /* QuakeError.swift */ = {isa = PBXFileReference; lastKnownFileType = sourcecode.swift; path = QuakeError.swift; sourceTree = "<group>"; };
		9AD5AA112B2AF13100C47448 /* EarthquakesTests.xctest */ = {isa = PBXFileReference; explicitFileType = wrapper.cfbundle; includeInIndex = 0; path = EarthquakesTests.xctest; sourceTree = BUILT_PRODUCTS_DIR; };
		9AD5AA132B2AF13100C47448 /* EarthquakesTests.swift */ = {isa = PBXFileReference; lastKnownFileType = sourcecode.swift; path = EarthquakesTests.swift; sourceTree = "<group>"; };
		9AD5AA1A2B2AF16000C47448 /* TestData.swift */ = {isa = PBXFileReference; lastKnownFileType = sourcecode.swift; path = TestData.swift; sourceTree = "<group>"; };
		9AD5AA1D2B2AF55C00C47448 /* GeoJSON.swift */ = {isa = PBXFileReference; lastKnownFileType = sourcecode.swift; path = GeoJSON.swift; sourceTree = "<group>"; };
		9AD5AA1F2B2AF66A00C47448 /* SampleData.json */ = {isa = PBXFileReference; fileEncoding = 4; lastKnownFileType = text.json; path = SampleData.json; sourceTree = "<group>"; };
		9AD5AA212B2AF79500C47448 /* QuakeLocation.swift */ = {isa = PBXFileReference; lastKnownFileType = sourcecode.swift; path = QuakeLocation.swift; sourceTree = "<group>"; };
		9AD5AA232B2AFC3600C47448 /* HTTPDataDownloader.swift */ = {isa = PBXFileReference; lastKnownFileType = sourcecode.swift; path = HTTPDataDownloader.swift; sourceTree = "<group>"; };
		9AD5AA252B2AFC9C00C47448 /* QuakeClient.swift */ = {isa = PBXFileReference; lastKnownFileType = sourcecode.swift; path = QuakeClient.swift; sourceTree = "<group>"; };
/* End PBXFileReference section */

/* Begin PBXFrameworksBuildPhase section */
		9AD5A9F52B2AEB8F00C47448 /* Frameworks */ = {
			isa = PBXFrameworksBuildPhase;
			buildActionMask = 2147483647;
			files = (
			);
			runOnlyForDeploymentPostprocessing = 0;
		};
		9AD5AA0E2B2AF13100C47448 /* Frameworks */ = {
			isa = PBXFrameworksBuildPhase;
			buildActionMask = 2147483647;
			files = (
			);
			runOnlyForDeploymentPostprocessing = 0;
		};
/* End PBXFrameworksBuildPhase section */

/* Begin PBXGroup section */
		9AD5A9EF2B2AEB8F00C47448 = {
			isa = PBXGroup;
			children = (
				9AD5A9FA2B2AEB8F00C47448 /* Earthquakes */,
				9AD5AA122B2AF13100C47448 /* EarthquakesTests */,
				9AD5A9F92B2AEB8F00C47448 /* Products */,
			);
			sourceTree = "<group>";
		};
		9AD5A9F92B2AEB8F00C47448 /* Products */ = {
			isa = PBXGroup;
			children = (
				9AD5A9F82B2AEB8F00C47448 /* Earthquakes.app */,
				9AD5AA112B2AF13100C47448 /* EarthquakesTests.xctest */,
			);
			name = Products;
			sourceTree = "<group>";
		};
		9AD5A9FA2B2AEB8F00C47448 /* Earthquakes */ = {
			isa = PBXGroup;
			children = (
				9AD5AA1C2B2AF54C00C47448 /* Models */,
				9AD5A9FB2B2AEB8F00C47448 /* EarthquakesApp.swift */,
				9AD5A9FD2B2AEB8F00C47448 /* ContentView.swift */,
				9AD5A9FF2B2AEB9100C47448 /* Assets.xcassets */,
				9AD5AA012B2AEB9100C47448 /* Preview Content */,
				9AD5AA092B2AEDEC00C47448 /* Quake.swift */,
				9AD5AA0B2B2AEF5B00C47448 /* QuakeError.swift */,
				9AD5AA212B2AF79500C47448 /* QuakeLocation.swift */,
				9AD5AA232B2AFC3600C47448 /* HTTPDataDownloader.swift */,
				9AD5AA252B2AFC9C00C47448 /* QuakeClient.swift */,
			);
			path = Earthquakes;
			sourceTree = "<group>";
		};
		9AD5AA012B2AEB9100C47448 /* Preview Content */ = {
			isa = PBXGroup;
			children = (
				9AD5AA022B2AEB9100C47448 /* Preview Assets.xcassets */,
			);
			path = "Preview Content";
			sourceTree = "<group>";
		};
		9AD5AA122B2AF13100C47448 /* EarthquakesTests */ = {
			isa = PBXGroup;
			children = (
				9AD5AA132B2AF13100C47448 /* EarthquakesTests.swift */,
				9AD5AA1A2B2AF16000C47448 /* TestData.swift */,
				9AD5AA1F2B2AF66A00C47448 /* SampleData.json */,
			);
			path = EarthquakesTests;
			sourceTree = "<group>";
		};
		9AD5AA1C2B2AF54C00C47448 /* Models */ = {
			isa = PBXGroup;
			children = (
				9AD5AA1D2B2AF55C00C47448 /* GeoJSON.swift */,
			);
			path = Models;
			sourceTree = "<group>";
		};
/* End PBXGroup section */

/* Begin PBXNativeTarget section */
		9AD5A9F72B2AEB8F00C47448 /* Earthquakes */ = {
			isa = PBXNativeTarget;
			buildConfigurationList = 9AD5AA062B2AEB9100C47448 /* Build configuration list for PBXNativeTarget "Earthquakes" */;
			buildPhases = (
				9AD5A9F42B2AEB8F00C47448 /* Sources */,
				9AD5A9F52B2AEB8F00C47448 /* Frameworks */,
				9AD5A9F62B2AEB8F00C47448 /* Resources */,
			);
			buildRules = (
			);
			dependencies = (
			);
			name = Earthquakes;
			productName = Earthquakes;
			productReference = 9AD5A9F82B2AEB8F00C47448 /* Earthquakes.app */;
			productType = "com.apple.product-type.application";
		};
		9AD5AA102B2AF13100C47448 /* EarthquakesTests */ = {
			isa = PBXNativeTarget;
			buildConfigurationList = 9AD5AA172B2AF13100C47448 /* Build configuration list for PBXNativeTarget "EarthquakesTests" */;
			buildPhases = (
				9AD5AA0D2B2AF13100C47448 /* Sources */,
				9AD5AA0E2B2AF13100C47448 /* Frameworks */,
				9AD5AA0F2B2AF13100C47448 /* Resources */,
			);
			buildRules = (
			);
			dependencies = (
				9AD5AA162B2AF13100C47448 /* PBXTargetDependency */,
			);
			name = EarthquakesTests;
			productName = EarthquakesTests;
			productReference = 9AD5AA112B2AF13100C47448 /* EarthquakesTests.xctest */;
			productType = "com.apple.product-type.bundle.unit-test";
		};
/* End PBXNativeTarget section */

/* Begin PBXProject section */
		9AD5A9F02B2AEB8F00C47448 /* Project object */ = {
			isa = PBXProject;
			attributes = {
				BuildIndependentTargetsInParallel = 1;
				LastSwiftUpdateCheck = 1510;
				LastUpgradeCheck = 1510;
				TargetAttributes = {
					9AD5A9F72B2AEB8F00C47448 = {
						CreatedOnToolsVersion = 15.1;
					};
					9AD5AA102B2AF13100C47448 = {
						CreatedOnToolsVersion = 15.1;
						TestTargetID = 9AD5A9F72B2AEB8F00C47448;
					};
				};
			};
			buildConfigurationList = 9AD5A9F32B2AEB8F00C47448 /* Build configuration list for PBXProject "Earthquakes" */;
			compatibilityVersion = "Xcode 14.0";
			developmentRegion = en;
			hasScannedForEncodings = 0;
			knownRegions = (
				en,
				Base,
			);
			mainGroup = 9AD5A9EF2B2AEB8F00C47448;
			productRefGroup = 9AD5A9F92B2AEB8F00C47448 /* Products */;
			projectDirPath = "";
			projectRoot = "";
			targets = (
				9AD5A9F72B2AEB8F00C47448 /* Earthquakes */,
				9AD5AA102B2AF13100C47448 /* EarthquakesTests */,
			);
		};
/* End PBXProject section */

/* Begin PBXResourcesBuildPhase section */
		9AD5A9F62B2AEB8F00C47448 /* Resources */ = {
			isa = PBXResourcesBuildPhase;
			buildActionMask = 2147483647;
			files = (
				9AD5AA032B2AEB9100C47448 /* Preview Assets.xcassets in Resources */,
				9AD5AA002B2AEB9100C47448 /* Assets.xcassets in Resources */,
			);
			runOnlyForDeploymentPostprocessing = 0;
		};
		9AD5AA0F2B2AF13100C47448 /* Resources */ = {
			isa = PBXResourcesBuildPhase;
			buildActionMask = 2147483647;
			files = (
				9AD5AA202B2AF66A00C47448 /* SampleData.json in Resources */,
			);
			runOnlyForDeploymentPostprocessing = 0;
		};
/* End PBXResourcesBuildPhase section */

/* Begin PBXSourcesBuildPhase section */
		9AD5A9F42B2AEB8F00C47448 /* Sources */ = {
			isa = PBXSourcesBuildPhase;
			buildActionMask = 2147483647;
			files = (
				9AD5AA1E2B2AF55C00C47448 /* GeoJSON.swift in Sources */,
				9AD5AA242B2AFC3600C47448 /* HTTPDataDownloader.swift in Sources */,
				9AD5AA262B2AFC9C00C47448 /* QuakeClient.swift in Sources */,
				9AD5AA0C2B2AEF5B00C47448 /* QuakeError.swift in Sources */,
				9AD5AA222B2AF79500C47448 /* QuakeLocation.swift in Sources */,
				9AD5A9FE2B2AEB8F00C47448 /* ContentView.swift in Sources */,
				9AD5AA0A2B2AEDEC00C47448 /* Quake.swift in Sources */,
				9AD5A9FC2B2AEB8F00C47448 /* EarthquakesApp.swift in Sources */,
			);
			runOnlyForDeploymentPostprocessing = 0;
		};
		9AD5AA0D2B2AF13100C47448 /* Sources */ = {
			isa = PBXSourcesBuildPhase;
			buildActionMask = 2147483647;
			files = (
				9AD5AA142B2AF13100C47448 /* EarthquakesTests.swift in Sources */,
				9AD5AA1B2B2AF16000C47448 /* TestData.swift in Sources */,
			);
			runOnlyForDeploymentPostprocessing = 0;
		};
/* End PBXSourcesBuildPhase section */

/* Begin PBXTargetDependency section */
		9AD5AA162B2AF13100C47448 /* PBXTargetDependency */ = {
			isa = PBXTargetDependency;
			target = 9AD5A9F72B2AEB8F00C47448 /* Earthquakes */;
			targetProxy = 9AD5AA152B2AF13100C47448 /* PBXContainerItemProxy */;
		};
/* End PBXTargetDependency section */

/* Begin XCBuildConfiguration section */
		9AD5AA042B2AEB9100C47448 /* Debug */ = {
			isa = XCBuildConfiguration;
			buildSettings = {
				ALWAYS_SEARCH_USER_PATHS = NO;
				ASSETCATALOG_COMPILER_GENERATE_SWIFT_ASSET_SYMBOL_EXTENSIONS = YES;
				CLANG_ANALYZER_NONNULL = YES;
				CLANG_ANALYZER_NUMBER_OBJECT_CONVERSION = YES_AGGRESSIVE;
				CLANG_CXX_LANGUAGE_STANDARD = "gnu++20";
				CLANG_ENABLE_MODULES = YES;
				CLANG_ENABLE_OBJC_ARC = YES;
				CLANG_ENABLE_OBJC_WEAK = YES;
				CLANG_WARN_BLOCK_CAPTURE_AUTORELEASING = YES;
				CLANG_WARN_BOOL_CONVERSION = YES;
				CLANG_WARN_COMMA = YES;
				CLANG_WARN_CONSTANT_CONVERSION = YES;
				CLANG_WARN_DEPRECATED_OBJC_IMPLEMENTATIONS = YES;
				CLANG_WARN_DIRECT_OBJC_ISA_USAGE = YES_ERROR;
				CLANG_WARN_DOCUMENTATION_COMMENTS = YES;
				CLANG_WARN_EMPTY_BODY = YES;
				CLANG_WARN_ENUM_CONVERSION = YES;
				CLANG_WARN_INFINITE_RECURSION = YES;
				CLANG_WARN_INT_CONVERSION = YES;
				CLANG_WARN_NON_LITERAL_NULL_CONVERSION = YES;
				CLANG_WARN_OBJC_IMPLICIT_RETAIN_SELF = YES;
				CLANG_WARN_OBJC_LITERAL_CONVERSION = YES;
				CLANG_WARN_OBJC_ROOT_CLASS = YES_ERROR;
				CLANG_WARN_QUOTED_INCLUDE_IN_FRAMEWORK_HEADER = YES;
				CLANG_WARN_RANGE_LOOP_ANALYSIS = YES;
				CLANG_WARN_STRICT_PROTOTYPES = YES;
				CLANG_WARN_SUSPICIOUS_MOVE = YES;
				CLANG_WARN_UNGUARDED_AVAILABILITY = YES_AGGRESSIVE;
				CLANG_WARN_UNREACHABLE_CODE = YES;
				CLANG_WARN__DUPLICATE_METHOD_MATCH = YES;
				COPY_PHASE_STRIP = NO;
				DEBUG_INFORMATION_FORMAT = dwarf;
				ENABLE_STRICT_OBJC_MSGSEND = YES;
				ENABLE_TESTABILITY = YES;
				ENABLE_USER_SCRIPT_SANDBOXING = YES;
				GCC_C_LANGUAGE_STANDARD = gnu17;
				GCC_DYNAMIC_NO_PIC = NO;
				GCC_NO_COMMON_BLOCKS = YES;
				GCC_OPTIMIZATION_LEVEL = 0;
				GCC_PREPROCESSOR_DEFINITIONS = (
					"DEBUG=1",
					"$(inherited)",
				);
				GCC_WARN_64_TO_32_BIT_CONVERSION = YES;
				GCC_WARN_ABOUT_RETURN_TYPE = YES_ERROR;
				GCC_WARN_UNDECLARED_SELECTOR = YES;
				GCC_WARN_UNINITIALIZED_AUTOS = YES_AGGRESSIVE;
				GCC_WARN_UNUSED_FUNCTION = YES;
				GCC_WARN_UNUSED_VARIABLE = YES;
				IPHONEOS_DEPLOYMENT_TARGET = 17.2;
				LOCALIZATION_PREFERS_STRING_CATALOGS = YES;
				MTL_ENABLE_DEBUG_INFO = INCLUDE_SOURCE;
				MTL_FAST_MATH = YES;
				ONLY_ACTIVE_ARCH = YES;
				SDKROOT = iphoneos;
				SWIFT_ACTIVE_COMPILATION_CONDITIONS = "DEBUG $(inherited)";
				SWIFT_OPTIMIZATION_LEVEL = "-Onone";
			};
			name = Debug;
		};
		9AD5AA052B2AEB9100C47448 /* Release */ = {
			isa = XCBuildConfiguration;
			buildSettings = {
				ALWAYS_SEARCH_USER_PATHS = NO;
				ASSETCATALOG_COMPILER_GENERATE_SWIFT_ASSET_SYMBOL_EXTENSIONS = YES;
				CLANG_ANALYZER_NONNULL = YES;
				CLANG_ANALYZER_NUMBER_OBJECT_CONVERSION = YES_AGGRESSIVE;
				CLANG_CXX_LANGUAGE_STANDARD = "gnu++20";
				CLANG_ENABLE_MODULES = YES;
				CLANG_ENABLE_OBJC_ARC = YES;
				CLANG_ENABLE_OBJC_WEAK = YES;
				CLANG_WARN_BLOCK_CAPTURE_AUTORELEASING = YES;
				CLANG_WARN_BOOL_CONVERSION = YES;
				CLANG_WARN_COMMA = YES;
				CLANG_WARN_CONSTANT_CONVERSION = YES;
				CLANG_WARN_DEPRECATED_OBJC_IMPLEMENTATIONS = YES;
				CLANG_WARN_DIRECT_OBJC_ISA_USAGE = YES_ERROR;
				CLANG_WARN_DOCUMENTATION_COMMENTS = YES;
				CLANG_WARN_EMPTY_BODY = YES;
				CLANG_WARN_ENUM_CONVERSION = YES;
				CLANG_WARN_INFINITE_RECURSION = YES;
				CLANG_WARN_INT_CONVERSION = YES;
				CLANG_WARN_NON_LITERAL_NULL_CONVERSION = YES;
				CLANG_WARN_OBJC_IMPLICIT_RETAIN_SELF = YES;
				CLANG_WARN_OBJC_LITERAL_CONVERSION = YES;
				CLANG_WARN_OBJC_ROOT_CLASS = YES_ERROR;
				CLANG_WARN_QUOTED_INCLUDE_IN_FRAMEWORK_HEADER = YES;
				CLANG_WARN_RANGE_LOOP_ANALYSIS = YES;
				CLANG_WARN_STRICT_PROTOTYPES = YES;
				CLANG_WARN_SUSPICIOUS_MOVE = YES;
				CLANG_WARN_UNGUARDED_AVAILABILITY = YES_AGGRESSIVE;
				CLANG_WARN_UNREACHABLE_CODE = YES;
				CLANG_WARN__DUPLICATE_METHOD_MATCH = YES;
				COPY_PHASE_STRIP = NO;
				DEBUG_INFORMATION_FORMAT = "dwarf-with-dsym";
				ENABLE_NS_ASSERTIONS = NO;
				ENABLE_STRICT_OBJC_MSGSEND = YES;
				ENABLE_USER_SCRIPT_SANDBOXING = YES;
				GCC_C_LANGUAGE_STANDARD = gnu17;
				GCC_NO_COMMON_BLOCKS = YES;
				GCC_WARN_64_TO_32_BIT_CONVERSION = YES;
				GCC_WARN_ABOUT_RETURN_TYPE = YES_ERROR;
				GCC_WARN_UNDECLARED_SELECTOR = YES;
				GCC_WARN_UNINITIALIZED_AUTOS = YES_AGGRESSIVE;
				GCC_WARN_UNUSED_FUNCTION = YES;
				GCC_WARN_UNUSED_VARIABLE = YES;
				IPHONEOS_DEPLOYMENT_TARGET = 17.2;
				LOCALIZATION_PREFERS_STRING_CATALOGS = YES;
				MTL_ENABLE_DEBUG_INFO = NO;
				MTL_FAST_MATH = YES;
				SDKROOT = iphoneos;
				SWIFT_COMPILATION_MODE = wholemodule;
				VALIDATE_PRODUCT = YES;
			};
			name = Release;
		};
		9AD5AA072B2AEB9100C47448 /* Debug */ = {
			isa = XCBuildConfiguration;
			buildSettings = {
				ASSETCATALOG_COMPILER_APPICON_NAME = AppIcon;
				ASSETCATALOG_COMPILER_GLOBAL_ACCENT_COLOR_NAME = AccentColor;
				CODE_SIGN_STYLE = Automatic;
				CURRENT_PROJECT_VERSION = 1;
				DEVELOPMENT_ASSET_PATHS = "\"Earthquakes/Preview Content\"";
				DEVELOPMENT_TEAM = M9N98B9A3K;
				ENABLE_PREVIEWS = YES;
				GENERATE_INFOPLIST_FILE = YES;
				INFOPLIST_KEY_UIApplicationSceneManifest_Generation = YES;
				INFOPLIST_KEY_UIApplicationSupportsIndirectInputEvents = YES;
				INFOPLIST_KEY_UILaunchScreen_Generation = YES;
				INFOPLIST_KEY_UISupportedInterfaceOrientations_iPad = "UIInterfaceOrientationPortrait UIInterfaceOrientationPortraitUpsideDown UIInterfaceOrientationLandscapeLeft UIInterfaceOrientationLandscapeRight";
				INFOPLIST_KEY_UISupportedInterfaceOrientations_iPhone = "UIInterfaceOrientationPortrait UIInterfaceOrientationLandscapeLeft UIInterfaceOrientationLandscapeRight";
				LD_RUNPATH_SEARCH_PATHS = (
					"$(inherited)",
					"@executable_path/Frameworks",
				);
				MARKETING_VERSION = 1.0;
				PRODUCT_BUNDLE_IDENTIFIER = com.palgle.ios.Earthquakes;
				PRODUCT_NAME = "$(TARGET_NAME)";
				SWIFT_EMIT_LOC_STRINGS = YES;
				SWIFT_VERSION = 5.0;
				TARGETED_DEVICE_FAMILY = "1,2";
			};
			name = Debug;
		};
		9AD5AA082B2AEB9100C47448 /* Release */ = {
			isa = XCBuildConfiguration;
			buildSettings = {
				ASSETCATALOG_COMPILER_APPICON_NAME = AppIcon;
				ASSETCATALOG_COMPILER_GLOBAL_ACCENT_COLOR_NAME = AccentColor;
				CODE_SIGN_STYLE = Automatic;
				CURRENT_PROJECT_VERSION = 1;
				DEVELOPMENT_ASSET_PATHS = "\"Earthquakes/Preview Content\"";
				DEVELOPMENT_TEAM = M9N98B9A3K;
				ENABLE_PREVIEWS = YES;
				GENERATE_INFOPLIST_FILE = YES;
				INFOPLIST_KEY_UIApplicationSceneManifest_Generation = YES;
				INFOPLIST_KEY_UIApplicationSupportsIndirectInputEvents = YES;
				INFOPLIST_KEY_UILaunchScreen_Generation = YES;
				INFOPLIST_KEY_UISupportedInterfaceOrientations_iPad = "UIInterfaceOrientationPortrait UIInterfaceOrientationPortraitUpsideDown UIInterfaceOrientationLandscapeLeft UIInterfaceOrientationLandscapeRight";
				INFOPLIST_KEY_UISupportedInterfaceOrientations_iPhone = "UIInterfaceOrientationPortrait UIInterfaceOrientationLandscapeLeft UIInterfaceOrientationLandscapeRight";
				LD_RUNPATH_SEARCH_PATHS = (
					"$(inherited)",
					"@executable_path/Frameworks",
				);
				MARKETING_VERSION = 1.0;
				PRODUCT_BUNDLE_IDENTIFIER = com.palgle.ios.Earthquakes;
				PRODUCT_NAME = "$(TARGET_NAME)";
				SWIFT_EMIT_LOC_STRINGS = YES;
				SWIFT_VERSION = 5.0;
				TARGETED_DEVICE_FAMILY = "1,2";
			};
			name = Release;
		};
		9AD5AA182B2AF13100C47448 /* Debug */ = {
			isa = XCBuildConfiguration;
			buildSettings = {
				BUNDLE_LOADER = "$(TEST_HOST)";
				CODE_SIGN_STYLE = Automatic;
				CURRENT_PROJECT_VERSION = 1;
				DEVELOPMENT_TEAM = M9N98B9A3K;
				GENERATE_INFOPLIST_FILE = YES;
				MARKETING_VERSION = 1.0;
				PRODUCT_BUNDLE_IDENTIFIER = com.palgle.ios.EarthquakesTests;
				PRODUCT_NAME = "$(TARGET_NAME)";
				SWIFT_EMIT_LOC_STRINGS = NO;
				SWIFT_VERSION = 5.0;
				TARGETED_DEVICE_FAMILY = "1,2";
				TEST_HOST = "$(BUILT_PRODUCTS_DIR)/Earthquakes.app/$(BUNDLE_EXECUTABLE_FOLDER_PATH)/Earthquakes";
			};
			name = Debug;
		};
		9AD5AA192B2AF13100C47448 /* Release */ = {
			isa = XCBuildConfiguration;
			buildSettings = {
				BUNDLE_LOADER = "$(TEST_HOST)";
				CODE_SIGN_STYLE = Automatic;
				CURRENT_PROJECT_VERSION = 1;
				DEVELOPMENT_TEAM = M9N98B9A3K;
				GENERATE_INFOPLIST_FILE = YES;
				MARKETING_VERSION = 1.0;
				PRODUCT_BUNDLE_IDENTIFIER = com.palgle.ios.EarthquakesTests;
				PRODUCT_NAME = "$(TARGET_NAME)";
				SWIFT_EMIT_LOC_STRINGS = NO;
				SWIFT_VERSION = 5.0;
				TARGETED_DEVICE_FAMILY = "1,2";
				TEST_HOST = "$(BUILT_PRODUCTS_DIR)/Earthquakes.app/$(BUNDLE_EXECUTABLE_FOLDER_PATH)/Earthquakes";
			};
			name = Release;
		};
/* End XCBuildConfiguration section */

/* Begin XCConfigurationList section */
		9AD5A9F32B2AEB8F00C47448 /* Build configuration list for PBXProject "Earthquakes" */ = {
			isa = XCConfigurationList;
			buildConfigurations = (
				9AD5AA042B2AEB9100C47448 /* Debug */,
				9AD5AA052B2AEB9100C47448 /* Release */,
			);
			defaultConfigurationIsVisible = 0;
			defaultConfigurationName = Release;
		};
		9AD5AA062B2AEB9100C47448 /* Build configuration list for PBXNativeTarget "Earthquakes" */ = {
			isa = XCConfigurationList;
			buildConfigurations = (
				9AD5AA072B2AEB9100C47448 /* Debug */,
				9AD5AA082B2AEB9100C47448 /* Release */,
			);
			defaultConfigurationIsVisible = 0;
			defaultConfigurationName = Release;
		};
		9AD5AA172B2AF13100C47448 /* Build configuration list for PBXNativeTarget "EarthquakesTests" */ = {
			isa = XCConfigurationList;
			buildConfigurations = (
				9AD5AA182B2AF13100C47448 /* Debug */,
				9AD5AA192B2AF13100C47448 /* Release */,
			);
			defaultConfigurationIsVisible = 0;
			defaultConfigurationName = Release;
		};
/* End XCConfigurationList section */
	};
	rootObject = 9AD5A9F02B2AEB8F00C47448 /* Project object */;
}
